
Microsoft Visual Studio Solution File, Format Version 12.00
# Visual Studio Version 16
VisualStudioVersion = 16.0.31624.102
MinimumVisualStudioVersion = 10.0.40219.1
Project("{FAE04EC0-301F-11D3-BF4B-00C04F79EFBC}") = "ProgressApp.UWP", "ProgressApp\ProgressApp.UWP\ProgressApp.UWP.csproj", "{2890E9ED-D0B6-4478-AD31-5FF5411E9FA1}"
EndProject
Project("{FAE04EC0-301F-11D3-BF4B-00C04F79EFBC}") = "ProgressApp.Android", "ProgressApp\ProgressApp.Android\ProgressApp.Android.csproj", "{0478B8B6-2DD4-45C1-8364-33D372CF6845}"
EndProject
Project("{FAE04EC0-301F-11D3-BF4B-00C04F79EFBC}") = "ProgressApp.iOS", "ProgressApp\ProgressApp.iOS\ProgressApp.iOS.csproj", "{112078BB-9B46-44EB-BF30-8C7A2EFCE5DA}"
EndProject
Project("{FAE04EC0-301F-11D3-BF4B-00C04F79EFBC}") = "ProgressApp", "ProgressApp\ProgressApp\ProgressApp.csproj", "{517610C2-D90F-4FC1-9BC1-3F563FFC52CB}"
EndProject
Global
	GlobalSection(SolutionConfigurationPlatforms) = preSolution
		Debug|Any CPU = Debug|Any CPU
		Debug|ARM = Debug|ARM
		Debug|iPhone = Debug|iPhone
		Debug|iPhoneSimulator = Debug|iPhoneSimulator
		Debug|x64 = Debug|x64
		Debug|x86 = Debug|x86
		Release|Any CPU = Release|Any CPU
		Release|ARM = Release|ARM
		Release|iPhone = Release|iPhone
		Release|iPhoneSimulator = Release|iPhoneSimulator
		Release|x64 = Release|x64
		Release|x86 = Release|x86
	EndGlobalSection
	GlobalSection(ProjectConfigurationPlatforms) = postSolution
		{2890E9ED-D0B6-4478-AD31-5FF5411E9FA1}.Debug|Any CPU.ActiveCfg = Debug|x86
		{2890E9ED-D0B6-4478-AD31-5FF5411E9FA1}.Debug|Any CPU.Build.0 = Debug|x86
		{2890E9ED-D0B6-4478-AD31-5FF5411E9FA1}.Debug|Any CPU.Deploy.0 = Debug|x86
		{2890E9ED-D0B6-4478-AD31-5FF5411E9FA1}.Debug|ARM.ActiveCfg = Debug|ARM
		{2890E9ED-D0B6-4478-AD31-5FF5411E9FA1}.Debug|ARM.Build.0 = Debug|ARM
		{2890E9ED-D0B6-4478-AD31-5FF5411E9FA1}.Debug|ARM.Deploy.0 = Debug|ARM
		{2890E9ED-D0B6-4478-AD31-5FF5411E9FA1}.Debug|iPhone.ActiveCfg = Debug|x86
		{2890E9ED-D0B6-4478-AD31-5FF5411E9FA1}.Debug|iPhone.Build.0 = Debug|x86
		{2890E9ED-D0B6-4478-AD31-5FF5411E9FA1}.Debug|iPhone.Deploy.0 = Debug|x86
		{2890E9ED-D0B6-4478-AD31-5FF5411E9FA1}.Debug|iPhoneSimulator.ActiveCfg = Debug|x86
		{2890E9ED-D0B6-4478-AD31-5FF5411E9FA1}.Debug|iPhoneSimulator.Build.0 = Debug|x86
		{2890E9ED-D0B6-4478-AD31-5FF5411E9FA1}.Debug|iPhoneSimulator.Deploy.0 = Debug|x86
		{2890E9ED-D0B6-4478-AD31-5FF5411E9FA1}.Debug|x64.ActiveCfg = Debug|x64
		{2890E9ED-D0B6-4478-AD31-5FF5411E9FA1}.Debug|x64.Build.0 = Debug|x64
		{2890E9ED-D0B6-4478-AD31-5FF5411E9FA1}.Debug|x64.Deploy.0 = Debug|x64
		{2890E9ED-D0B6-4478-AD31-5FF5411E9FA1}.Debug|x86.ActiveCfg = Debug|x86
		{2890E9ED-D0B6-4478-AD31-5FF5411E9FA1}.Debug|x86.Build.0 = Debug|x86
		{2890E9ED-D0B6-4478-AD31-5FF5411E9FA1}.Debug|x86.Deploy.0 = Debug|x86
		{2890E9ED-D0B6-4478-AD31-5FF5411E9FA1}.Release|Any CPU.ActiveCfg = Release|x86
		{2890E9ED-D0B6-4478-AD31-5FF5411E9FA1}.Release|Any CPU.Build.0 = Release|x86
		{2890E9ED-D0B6-4478-AD31-5FF5411E9FA1}.Release|Any CPU.Deploy.0 = Release|x86
		{2890E9ED-D0B6-4478-AD31-5FF5411E9FA1}.Release|ARM.ActiveCfg = Release|ARM
		{2890E9ED-D0B6-4478-AD31-5FF5411E9FA1}.Release|ARM.Build.0 = Release|ARM
		{2890E9ED-D0B6-4478-AD31-5FF5411E9FA1}.Release|ARM.Deploy.0 = Release|ARM
		{2890E9ED-D0B6-4478-AD31-5FF5411E9FA1}.Release|iPhone.ActiveCfg = Release|x86
		{2890E9ED-D0B6-4478-AD31-5FF5411E9FA1}.Release|iPhone.Build.0 = Release|x86
		{2890E9ED-D0B6-4478-AD31-5FF5411E9FA1}.Release|iPhone.Deploy.0 = Release|x86
		{2890E9ED-D0B6-4478-AD31-5FF5411E9FA1}.Release|iPhoneSimulator.ActiveCfg = Release|x86
		{2890E9ED-D0B6-4478-AD31-5FF5411E9FA1}.Release|iPhoneSimulator.Build.0 = Release|x86
		{2890E9ED-D0B6-4478-AD31-5FF5411E9FA1}.Release|iPhoneSimulator.Deploy.0 = Release|x86
		{2890E9ED-D0B6-4478-AD31-5FF5411E9FA1}.Release|x64.ActiveCfg = Release|x64
		{2890E9ED-D0B6-4478-AD31-5FF5411E9FA1}.Release|x64.Build.0 = Release|x64
		{2890E9ED-D0B6-4478-AD31-5FF5411E9FA1}.Release|x64.Deploy.0 = Release|x64
		{2890E9ED-D0B6-4478-AD31-5FF5411E9FA1}.Release|x86.ActiveCfg = Release|x86
		{2890E9ED-D0B6-4478-AD31-5FF5411E9FA1}.Release|x86.Build.0 = Release|x86
		{2890E9ED-D0B6-4478-AD31-5FF5411E9FA1}.Release|x86.Deploy.0 = Release|x86
		{0478B8B6-2DD4-45C1-8364-33D372CF6845}.Debug|Any CPU.ActiveCfg = Debug|Any CPU
		{0478B8B6-2DD4-45C1-8364-33D372CF6845}.Debug|Any CPU.Build.0 = Debug|Any CPU
		{0478B8B6-2DD4-45C1-8364-33D372CF6845}.Debug|Any CPU.Deploy.0 = Debug|Any CPU
		{0478B8B6-2DD4-45C1-8364-33D372CF6845}.Debug|ARM.ActiveCfg = Debug|Any CPU
		{0478B8B6-2DD4-45C1-8364-33D372CF6845}.Debug|ARM.Build.0 = Debug|Any CPU
		{0478B8B6-2DD4-45C1-8364-33D372CF6845}.Debug|ARM.Deploy.0 = Debug|Any CPU
		{0478B8B6-2DD4-45C1-8364-33D372CF6845}.Debug|iPhone.ActiveCfg = Debug|Any CPU
		{0478B8B6-2DD4-45C1-8364-33D372CF6845}.Debug|iPhone.Build.0 = Debug|Any CPU
		{0478B8B6-2DD4-45C1-8364-33D372CF6845}.Debug|iPhone.Deploy.0 = Debug|Any CPU
		{0478B8B6-2DD4-45C1-8364-33D372CF6845}.Debug|iPhoneSimulator.ActiveCfg = Debug|Any CPU
		{0478B8B6-2DD4-45C1-8364-33D372CF6845}.Debug|iPhoneSimulator.Build.0 = Debug|Any CPU
		{0478B8B6-2DD4-45C1-8364-33D372CF6845}.Debug|iPhoneSimulator.Deploy.0 = Debug|Any CPU
		{0478B8B6-2DD4-45C1-8364-33D372CF6845}.Debug|x64.ActiveCfg = Debug|Any CPU
		{0478B8B6-2DD4-45C1-8364-33D372CF6845}.Debug|x64.Build.0 = Debug|Any CPU
		{0478B8B6-2DD4-45C1-8364-33D372CF6845}.Debug|x64.Deploy.0 = Debug|Any CPU
		{0478B8B6-2DD4-45C1-8364-33D372CF6845}.Debug|x86.ActiveCfg = Debug|Any CPU
		{0478B8B6-2DD4-45C1-8364-33D372CF6845}.Debug|x86.Build.0 = Debug|Any CPU
		{0478B8B6-2DD4-45C1-8364-33D372CF6845}.Debug|x86.Deploy.0 = Debug|Any CPU
		{0478B8B6-2DD4-45C1-8364-33D372CF6845}.Release|Any CPU.ActiveCfg = Release|Any CPU
		{0478B8B6-2DD4-45C1-8364-33D372CF6845}.Release|Any CPU.Build.0 = Release|Any CPU
		{0478B8B6-2DD4-45C1-8364-33D372CF6845}.Release|Any CPU.Deploy.0 = Release|Any CPU
		{0478B8B6-2DD4-45C1-8364-33D372CF6845}.Release|ARM.ActiveCfg = Release|Any CPU
		{0478B8B6-2DD4-45C1-8364-33D372CF6845}.Release|ARM.Build.0 = Release|Any CPU
		{0478B8B6-2DD4-45C1-8364-33D372CF6845}.Release|ARM.Deploy.0 = Release|Any CPU
		{0478B8B6-2DD4-45C1-8364-33D372CF6845}.Release|iPhone.ActiveCfg = Release|Any CPU
		{0478B8B6-2DD4-45C1-8364-33D372CF6845}.Release|iPhone.Build.0 = Release|Any CPU
		{0478B8B6-2DD4-45C1-8364-33D372CF6845}.Release|iPhone.Deploy.0 = Release|Any CPU
		{0478B8B6-2DD4-45C1-8364-33D372CF6845}.Release|iPhoneSimulator.ActiveCfg = Release|Any CPU
		{0478B8B6-2DD4-45C1-8364-33D372CF6845}.Release|iPhoneSimulator.Build.0 = Release|Any CPU
		{0478B8B6-2DD4-45C1-8364-33D372CF6845}.Release|iPhoneSimulator.Deploy.0 = Release|Any CPU
		{0478B8B6-2DD4-45C1-8364-33D372CF6845}.Release|x64.ActiveCfg = Release|Any CPU
		{0478B8B6-2DD4-45C1-8364-33D372CF6845}.Release|x64.Build.0 = Release|Any CPU
		{0478B8B6-2DD4-45C1-8364-33D372CF6845}.Release|x64.Deploy.0 = Release|Any CPU
		{0478B8B6-2DD4-45C1-8364-33D372CF6845}.Release|x86.ActiveCfg = Release|Any CPU
		{0478B8B6-2DD4-45C1-8364-33D372CF6845}.Release|x86.Build.0 = Release|Any CPU
		{0478B8B6-2DD4-45C1-8364-33D372CF6845}.Release|x86.Deploy.0 = Release|Any CPU
		{112078BB-9B46-44EB-BF30-8C7A2EFCE5DA}.Debug|Any CPU.ActiveCfg = Debug|iPhoneSimulator
		{112078BB-9B46-44EB-BF30-8C7A2EFCE5DA}.Debug|Any CPU.Build.0 = Debug|iPhoneSimulator
		{112078BB-9B46-44EB-BF30-8C7A2EFCE5DA}.Debug|Any CPU.Deploy.0 = Debug|iPhoneSimulator
		{112078BB-9B46-44EB-BF30-8C7A2EFCE5DA}.Debug|ARM.ActiveCfg = Debug|iPhone
		{112078BB-9B46-44EB-BF30-8C7A2EFCE5DA}.Debug|ARM.Build.0 = Debug|iPhone
		{112078BB-9B46-44EB-BF30-8C7A2EFCE5DA}.Debug|ARM.Deploy.0 = Debug|iPhone
		{112078BB-9B46-44EB-BF30-8C7A2EFCE5DA}.Debug|iPhone.ActiveCfg = Debug|iPhone
		{112078BB-9B46-44EB-BF30-8C7A2EFCE5DA}.Debug|iPhone.Build.0 = Debug|iPhone
		{112078BB-9B46-44EB-BF30-8C7A2EFCE5DA}.Debug|iPhone.Deploy.0 = Debug|iPhone
		{112078BB-9B46-44EB-BF30-8C7A2EFCE5DA}.Debug|iPhoneSimulator.ActiveCfg = Debug|iPhoneSimulator
		{112078BB-9B46-44EB-BF30-8C7A2EFCE5DA}.Debug|iPhoneSimulator.Build.0 = Debug|iPhoneSimulator
		{112078BB-9B46-44EB-BF30-8C7A2EFCE5DA}.Debug|iPhoneSimulator.Deploy.0 = Debug|iPhoneSimulator
		{112078BB-9B46-44EB-BF30-8C7A2EFCE5DA}.Debug|x64.ActiveCfg = Debug|iPhoneSimulator
		{112078BB-9B46-44EB-BF30-8C7A2EFCE5DA}.Debug|x64.Build.0 = Debug|iPhoneSimulator
		{112078BB-9B46-44EB-BF30-8C7A2EFCE5DA}.Debug|x64.Deploy.0 = Debug|iPhoneSimulator
		{112078BB-9B46-44EB-BF30-8C7A2EFCE5DA}.Debug|x86.ActiveCfg = Debug|iPhoneSimulator
		{112078BB-9B46-44EB-BF30-8C7A2EFCE5DA}.Debug|x86.Build.0 = Debug|iPhoneSimulator
		{112078BB-9B46-44EB-BF30-8C7A2EFCE5DA}.Debug|x86.Deploy.0 = Debug|iPhoneSimulator
		{112078BB-9B46-44EB-BF30-8C7A2EFCE5DA}.Release|Any CPU.ActiveCfg = Release|iPhoneSimulator
		{112078BB-9B46-44EB-BF30-8C7A2EFCE5DA}.Release|Any CPU.Build.0 = Release|iPhoneSimulator
		{112078BB-9B46-44EB-BF30-8C7A2EFCE5DA}.Release|Any CPU.Deploy.0 = Release|iPhoneSimulator
		{112078BB-9B46-44EB-BF30-8C7A2EFCE5DA}.Release|ARM.ActiveCfg = Release|iPhoneSimulator
		{112078BB-9B46-44EB-BF30-8C7A2EFCE5DA}.Release|ARM.Build.0 = Release|iPhoneSimulator
		{112078BB-9B46-44EB-BF30-8C7A2EFCE5DA}.Release|ARM.Deploy.0 = Release|iPhoneSimulator
		{112078BB-9B46-44EB-BF30-8C7A2EFCE5DA}.Release|iPhone.ActiveCfg = Release|iPhone
		{112078BB-9B46-44EB-BF30-8C7A2EFCE5DA}.Release|iPhone.Build.0 = Release|iPhone
		{112078BB-9B46-44EB-BF30-8C7A2EFCE5DA}.Release|iPhone.Deploy.0 = Release|iPhone
		{112078BB-9B46-44EB-BF30-8C7A2EFCE5DA}.Release|iPhoneSimulator.ActiveCfg = Release|iPhoneSimulator
		{112078BB-9B46-44EB-BF30-8C7A2EFCE5DA}.Release|iPhoneSimulator.Build.0 = Release|iPhoneSimulator
		{112078BB-9B46-44EB-BF30-8C7A2EFCE5DA}.Release|iPhoneSimulator.Deploy.0 = Release|iPhoneSimulator
		{112078BB-9B46-44EB-BF30-8C7A2EFCE5DA}.Release|x64.ActiveCfg = Release|iPhoneSimulator
		{112078BB-9B46-44EB-BF30-8C7A2EFCE5DA}.Release|x64.Build.0 = Release|iPhoneSimulator
		{112078BB-9B46-44EB-BF30-8C7A2EFCE5DA}.Release|x64.Deploy.0 = Release|iPhoneSimulator
		{112078BB-9B46-44EB-BF30-8C7A2EFCE5DA}.Release|x86.ActiveCfg = Release|iPhoneSimulator
		{112078BB-9B46-44EB-BF30-8C7A2EFCE5DA}.Release|x86.Build.0 = Release|iPhoneSimulator
		{112078BB-9B46-44EB-BF30-8C7A2EFCE5DA}.Release|x86.Deploy.0 = Release|iPhoneSimulator
		{517610C2-D90F-4FC1-9BC1-3F563FFC52CB}.Debug|Any CPU.ActiveCfg = Debug|Any CPU
		{517610C2-D90F-4FC1-9BC1-3F563FFC52CB}.Debug|Any CPU.Build.0 = Debug|Any CPU
		{517610C2-D90F-4FC1-9BC1-3F563FFC52CB}.Debug|Any CPU.Deploy.0 = Debug|Any CPU
		{517610C2-D90F-4FC1-9BC1-3F563FFC52CB}.Debug|ARM.ActiveCfg = Debug|Any CPU
		{517610C2-D90F-4FC1-9BC1-3F563FFC52CB}.Debug|ARM.Build.0 = Debug|Any CPU
		{517610C2-D90F-4FC1-9BC1-3F563FFC52CB}.Debug|ARM.Deploy.0 = Debug|Any CPU
		{517610C2-D90F-4FC1-9BC1-3F563FFC52CB}.Debug|iPhone.ActiveCfg = Debug|Any CPU
		{517610C2-D90F-4FC1-9BC1-3F563FFC52CB}.Debug|iPhone.Build.0 = Debug|Any CPU
		{517610C2-D90F-4FC1-9BC1-3F563FFC52CB}.Debug|iPhone.Deploy.0 = Debug|Any CPU
		{517610C2-D90F-4FC1-9BC1-3F563FFC52CB}.Debug|iPhoneSimulator.ActiveCfg = Debug|Any CPU
		{517610C2-D90F-4FC1-9BC1-3F563FFC52CB}.Debug|iPhoneSimulator.Build.0 = Debug|Any CPU
		{517610C2-D90F-4FC1-9BC1-3F563FFC52CB}.Debug|iPhoneSimulator.Deploy.0 = Debug|Any CPU
		{517610C2-D90F-4FC1-9BC1-3F563FFC52CB}.Debug|x64.ActiveCfg = Debug|Any CPU
		{517610C2-D90F-4FC1-9BC1-3F563FFC52CB}.Debug|x64.Build.0 = Debug|Any CPU
		{517610C2-D90F-4FC1-9BC1-3F563FFC52CB}.Debug|x64.Deploy.0 = Debug|Any CPU
		{517610C2-D90F-4FC1-9BC1-3F563FFC52CB}.Debug|x86.ActiveCfg = Debug|Any CPU
		{517610C2-D90F-4FC1-9BC1-3F563FFC52CB}.Debug|x86.Build.0 = Debug|Any CPU
		{517610C2-D90F-4FC1-9BC1-3F563FFC52CB}.Debug|x86.Deploy.0 = Debug|Any CPU
		{517610C2-D90F-4FC1-9BC1-3F563FFC52CB}.Release|Any CPU.ActiveCfg = Release|Any CPU
		{517610C2-D90F-4FC1-9BC1-3F563FFC52CB}.Release|Any CPU.Build.0 = Release|Any CPU
		{517610C2-D90F-4FC1-9BC1-3F563FFC52CB}.Release|Any CPU.Deploy.0 = Release|Any CPU
		{517610C2-D90F-4FC1-9BC1-3F563FFC52CB}.Release|ARM.ActiveCfg = Release|Any CPU
		{517610C2-D90F-4FC1-9BC1-3F563FFC52CB}.Release|ARM.Build.0 = Release|Any CPU
		{517610C2-D90F-4FC1-9BC1-3F563FFC52CB}.Release|ARM.Deploy.0 = Release|Any CPU
		{517610C2-D90F-4FC1-9BC1-3F563FFC52CB}.Release|iPhone.ActiveCfg = Release|Any CPU
		{517610C2-D90F-4FC1-9BC1-3F563FFC52CB}.Release|iPhone.Build.0 = Release|Any CPU
		{517610C2-D90F-4FC1-9BC1-3F563FFC52CB}.Release|iPhone.Deploy.0 = Release|Any CPU
		{517610C2-D90F-4FC1-9BC1-3F563FFC52CB}.Release|iPhoneSimulator.ActiveCfg = Release|Any CPU
		{517610C2-D90F-4FC1-9BC1-3F563FFC52CB}.Release|iPhoneSimulator.Build.0 = Release|Any CPU
		{517610C2-D90F-4FC1-9BC1-3F563FFC52CB}.Release|iPhoneSimulator.Deploy.0 = Release|Any CPU
		{517610C2-D90F-4FC1-9BC1-3F563FFC52CB}.Release|x64.ActiveCfg = Release|Any CPU
		{517610C2-D90F-4FC1-9BC1-3F563FFC52CB}.Release|x64.Build.0 = Release|Any CPU
		{517610C2-D90F-4FC1-9BC1-3F563FFC52CB}.Release|x64.Deploy.0 = Release|Any CPU
		{517610C2-D90F-4FC1-9BC1-3F563FFC52CB}.Release|x86.ActiveCfg = Release|Any CPU
		{517610C2-D90F-4FC1-9BC1-3F563FFC52CB}.Release|x86.Build.0 = Release|Any CPU
		{517610C2-D90F-4FC1-9BC1-3F563FFC52CB}.Release|x86.Deploy.0 = Release|Any CPU
	EndGlobalSection
	GlobalSection(SolutionProperties) = preSolution
		HideSolutionNode = FALSE
	EndGlobalSection
	GlobalSection(ExtensibilityGlobals) = postSolution
		SolutionGuid = {0FA89260-3BC6-4DCF-B4CF-09C0256200F9}
	EndGlobalSection
EndGlobal
